
Microsoft Visual Studio Solution File, Format Version 11.00
# Visual Studio 2010
Project("{FAE04EC0-301F-11D3-BF4B-00C04F79EFBC}") = "PhotonUnityNetworking.Utilities", "PhotonUnityNetworking.Utilities.csproj", "{dd983f1d-c843-29d5-e069-d437d1670da3}"
EndProject
Project("{FAE04EC0-301F-11D3-BF4B-00C04F79EFBC}") = "Assembly-CSharp", "Assembly-CSharp.csproj", "{03917999-403a-8a12-d6f1-17f06bc7366c}"
EndProject
Project("{FAE04EC0-301F-11D3-BF4B-00C04F79EFBC}") = "PhotonUnityNetworking", "PhotonUnityNetworking.csproj", "{8b9a4303-7414-dc0c-9239-992bcc0da67c}"
EndProject
Project("{FAE04EC0-301F-11D3-BF4B-00C04F79EFBC}") = "PhotonRealtime", "PhotonRealtime.csproj", "{dee5509c-b357-9497-5927-0c99f016ec2c}"
EndProject
Project("{FAE04EC0-301F-11D3-BF4B-00C04F79EFBC}") = "PhotonUnityNetworking.Editor", "PhotonUnityNetworking.Editor.csproj", "{78c7b4fc-1b5f-cd16-e1cd-f98b7e42025e}"
EndProject
Project("{FAE04EC0-301F-11D3-BF4B-00C04F79EFBC}") = "PhotonUnityNetworking.Utilities.PhotonPlayer.Editor", "PhotonUnityNetworking.Utilities.PhotonPlayer.Editor.csproj", "{e2acbae1-00e1-73b0-1758-c1fb594e0b45}"
EndProject
Project("{FAE04EC0-301F-11D3-BF4B-00C04F79EFBC}") = "PhotonUnityNetworking.Utilities.Culling.Editor", "PhotonUnityNetworking.Utilities.Culling.Editor.csproj", "{e3f07e4b-8738-a4b4-8910-0f0b57db3f09}"
EndProject
Global
	GlobalSection(SolutionConfigurationPlatforms) = preSolution
		Debug|Any CPU = Debug|Any CPU
	EndGlobalSection
	GlobalSection(ProjectConfigurationPlatforms) = postSolution
		{dd983f1d-c843-29d5-e069-d437d1670da3}.Debug|Any CPU.ActiveCfg = Debug|Any CPU
		{dd983f1d-c843-29d5-e069-d437d1670da3}.Debug|Any CPU.Build.0 = Debug|Any CPU
		{03917999-403a-8a12-d6f1-17f06bc7366c}.Debug|Any CPU.ActiveCfg = Debug|Any CPU
		{03917999-403a-8a12-d6f1-17f06bc7366c}.Debug|Any CPU.Build.0 = Debug|Any CPU
		{8b9a4303-7414-dc0c-9239-992bcc0da67c}.Debug|Any CPU.ActiveCfg = Debug|Any CPU
		{8b9a4303-7414-dc0c-9239-992bcc0da67c}.Debug|Any CPU.Build.0 = Debug|Any CPU
		{dee5509c-b357-9497-5927-0c99f016ec2c}.Debug|Any CPU.ActiveCfg = Debug|Any CPU
		{dee5509c-b357-9497-5927-0c99f016ec2c}.Debug|Any CPU.Build.0 = Debug|Any CPU
		{78c7b4fc-1b5f-cd16-e1cd-f98b7e42025e}.Debug|Any CPU.ActiveCfg = Debug|Any CPU
		{78c7b4fc-1b5f-cd16-e1cd-f98b7e42025e}.Debug|Any CPU.Build.0 = Debug|Any CPU
		{e2acbae1-00e1-73b0-1758-c1fb594e0b45}.Debug|Any CPU.ActiveCfg = Debug|Any CPU
		{e2acbae1-00e1-73b0-1758-c1fb594e0b45}.Debug|Any CPU.Build.0 = Debug|Any CPU
		{e3f07e4b-8738-a4b4-8910-0f0b57db3f09}.Debug|Any CPU.ActiveCfg = Debug|Any CPU
		{e3f07e4b-8738-a4b4-8910-0f0b57db3f09}.Debug|Any CPU.Build.0 = Debug|Any CPU
	EndGlobalSection
	GlobalSection(SolutionProperties) = preSolution
		HideSolutionNode = FALSE
	EndGlobalSection
EndGlobal
